
Microsoft Visual Studio Solution File, Format Version 12.00
# Visual Studio Version 17
VisualStudioVersion = 17.14.36518.9 d17.14
MinimumVisualStudioVersion = 10.0.40219.1
Project("{FAE04EC0-301F-11D3-BF4B-00C04F79EFBC}") = "OldPhonePadTest", "OldPhonePadTest\OldPhonePadTest.csproj", "{5B71CDD7-A52B-4A26-8D17-5B6792FDCED9}"
EndProject
Global
	GlobalSection(SolutionConfigurationPlatforms) = preSolution
		Debug|Any CPU = Debug|Any CPU
		Release|Any CPU = Release|Any CPU
	EndGlobalSection
	GlobalSection(ProjectConfigurationPlatforms) = postSolution
		{5B71CDD7-A52B-4A26-8D17-5B6792FDCED9}.Debug|Any CPU.ActiveCfg = Debug|Any CPU
		{5B71CDD7-A52B-4A26-8D17-5B6792FDCED9}.Debug|Any CPU.Build.0 = Debug|Any CPU
		{5B71CDD7-A52B-4A26-8D17-5B6792FDCED9}.Release|Any CPU.ActiveCfg = Release|Any CPU
		{5B71CDD7-A52B-4A26-8D17-5B6792FDCED9}.Release|Any CPU.Build.0 = Release|Any CPU
	EndGlobalSection
	GlobalSection(SolutionProperties) = preSolution
		HideSolutionNode = FALSE
	EndGlobalSection
	GlobalSection(ExtensibilityGlobals) = postSolution
		SolutionGuid = {8A3258A9-FB08-4999-AF8F-FF08CDE7B994}
	EndGlobalSection
EndGlobal
