
Microsoft Visual Studio Solution File, Format Version 12.00
# Visual Studio Version 17
VisualStudioVersion = 17.14.36518.9 d17.14
MinimumVisualStudioVersion = 10.0.40219.1
Project("{FAE04EC0-301F-11D3-BF4B-00C04F79EFBC}") = "OldPhonePad", "OldPhonePad\OldPhonePad.csproj", "{ADDA18AA-8655-471B-840E-9F208A9080BE}"
EndProject
Global
	GlobalSection(SolutionConfigurationPlatforms) = preSolution
		Debug|Any CPU = Debug|Any CPU
		Release|Any CPU = Release|Any CPU
	EndGlobalSection
	GlobalSection(ProjectConfigurationPlatforms) = postSolution
		{ADDA18AA-8655-471B-840E-9F208A9080BE}.Debug|Any CPU.ActiveCfg = Debug|Any CPU
		{ADDA18AA-8655-471B-840E-9F208A9080BE}.Debug|Any CPU.Build.0 = Debug|Any CPU
		{ADDA18AA-8655-471B-840E-9F208A9080BE}.Release|Any CPU.ActiveCfg = Release|Any CPU
		{ADDA18AA-8655-471B-840E-9F208A9080BE}.Release|Any CPU.Build.0 = Release|Any CPU
	EndGlobalSection
	GlobalSection(SolutionProperties) = preSolution
		HideSolutionNode = FALSE
	EndGlobalSection
	GlobalSection(ExtensibilityGlobals) = postSolution
		SolutionGuid = {CD14B615-0801-4557-A487-B9DF47308593}
	EndGlobalSection
EndGlobal
